
Microsoft Visual Studio Solution File, Format Version 12.00
# Visual Studio Version 17
VisualStudioVersion = 17.1.32407.343
MinimumVisualStudioVersion = 10.0.40219.1
Project("{8BC9CEB8-8B4A-11D0-8D11-00A0C91BC942}") = "GameServer", "GameServer\GameServer.vcxproj", "{26E7B454-5C20-445D-8C10-7D26AED9E387}"
	ProjectSection(ProjectDependencies) = postProject
		{66157C4A-9215-4862-BB5E-0FBEDC70F548} = {66157C4A-9215-4862-BB5E-0FBEDC70F548}
	EndProjectSection
EndProject
Project("{8BC9CEB8-8B4A-11D0-8D11-00A0C91BC942}") = "GameMaster", "GameMaster\GameMaster.vcxproj", "{66157C4A-9215-4862-BB5E-0FBEDC70F548}"
	ProjectSection(ProjectDependencies) = postProject
		{D4F78C76-0E29-48F9-A5FD-1B6EA9C9D990} = {D4F78C76-0E29-48F9-A5FD-1B6EA9C9D990}
	EndProjectSection
EndProject
Project("{8BC9CEB8-8B4A-11D0-8D11-00A0C91BC942}") = "GameAuth", "GameAuth\GameAuth.vcxproj", "{D4F78C76-0E29-48F9-A5FD-1B6EA9C9D990}"
	ProjectSection(ProjectDependencies) = postProject
		{40C8B3B2-E970-4BBE-B562-21B03F13FB9C} = {40C8B3B2-E970-4BBE-B562-21B03F13FB9C}
	EndProjectSection
EndProject
Project("{8BC9CEB8-8B4A-11D0-8D11-00A0C91BC942}") = "Common", "Common\Common.vcxproj", "{40C8B3B2-E970-4BBE-B562-21B03F13FB9C}"
EndProject
Project("{8BC9CEB8-8B4A-11D0-8D11-00A0C91BC942}") = "RankingServer", "RankingServer\RankingServer.vcxproj", "{24112129-5205-426A-B48D-304B31B1D8E6}"
	ProjectSection(ProjectDependencies) = postProject
		{26E7B454-5C20-445D-8C10-7D26AED9E387} = {26E7B454-5C20-445D-8C10-7D26AED9E387}
	EndProjectSection
EndProject
Global
	GlobalSection(SolutionConfigurationPlatforms) = preSolution
		Debug|x64 = Debug|x64
		Debug|x86 = Debug|x86
		Release|x64 = Release|x64
		Release|x86 = Release|x86
		sMD|x64 = sMD|x64
		sMD|x86 = sMD|x86
		sMDd|x64 = sMDd|x64
		sMDd|x86 = sMDd|x86
		sMT|x64 = sMT|x64
		sMT|x86 = sMT|x86
		sMTd|x64 = sMTd|x64
		sMTd|x86 = sMTd|x86
	EndGlobalSection
	GlobalSection(ProjectConfigurationPlatforms) = postSolution
		{26E7B454-5C20-445D-8C10-7D26AED9E387}.Debug|x64.ActiveCfg = sMTd|x64
		{26E7B454-5C20-445D-8C10-7D26AED9E387}.Debug|x64.Build.0 = sMTd|x64
		{26E7B454-5C20-445D-8C10-7D26AED9E387}.Debug|x86.ActiveCfg = sMTd|Win32
		{26E7B454-5C20-445D-8C10-7D26AED9E387}.Debug|x86.Build.0 = sMTd|Win32
		{26E7B454-5C20-445D-8C10-7D26AED9E387}.Release|x64.ActiveCfg = sMTd|x64
		{26E7B454-5C20-445D-8C10-7D26AED9E387}.Release|x64.Build.0 = sMTd|x64
		{26E7B454-5C20-445D-8C10-7D26AED9E387}.Release|x86.ActiveCfg = sMTd|Win32
		{26E7B454-5C20-445D-8C10-7D26AED9E387}.Release|x86.Build.0 = sMTd|Win32
		{26E7B454-5C20-445D-8C10-7D26AED9E387}.sMD|x64.ActiveCfg = sMD|x64
		{26E7B454-5C20-445D-8C10-7D26AED9E387}.sMD|x64.Build.0 = sMD|x64
		{26E7B454-5C20-445D-8C10-7D26AED9E387}.sMD|x86.ActiveCfg = sMD|Win32
		{26E7B454-5C20-445D-8C10-7D26AED9E387}.sMD|x86.Build.0 = sMD|Win32
		{26E7B454-5C20-445D-8C10-7D26AED9E387}.sMDd|x64.ActiveCfg = sMDd|x64
		{26E7B454-5C20-445D-8C10-7D26AED9E387}.sMDd|x64.Build.0 = sMDd|x64
		{26E7B454-5C20-445D-8C10-7D26AED9E387}.sMDd|x86.ActiveCfg = sMDd|Win32
		{26E7B454-5C20-445D-8C10-7D26AED9E387}.sMDd|x86.Build.0 = sMDd|Win32
		{26E7B454-5C20-445D-8C10-7D26AED9E387}.sMT|x64.ActiveCfg = sMT|x64
		{26E7B454-5C20-445D-8C10-7D26AED9E387}.sMT|x64.Build.0 = sMT|x64
		{26E7B454-5C20-445D-8C10-7D26AED9E387}.sMT|x86.ActiveCfg = sMT|Win32
		{26E7B454-5C20-445D-8C10-7D26AED9E387}.sMT|x86.Build.0 = sMT|Win32
		{26E7B454-5C20-445D-8C10-7D26AED9E387}.sMTd|x64.ActiveCfg = sMTd|x64
		{26E7B454-5C20-445D-8C10-7D26AED9E387}.sMTd|x64.Build.0 = sMTd|x64
		{26E7B454-5C20-445D-8C10-7D26AED9E387}.sMTd|x86.ActiveCfg = sMTd|Win32
		{26E7B454-5C20-445D-8C10-7D26AED9E387}.sMTd|x86.Build.0 = sMTd|Win32
		{66157C4A-9215-4862-BB5E-0FBEDC70F548}.Debug|x64.ActiveCfg = sMTd|x64
		{66157C4A-9215-4862-BB5E-0FBEDC70F548}.Debug|x64.Build.0 = sMTd|x64
		{66157C4A-9215-4862-BB5E-0FBEDC70F548}.Debug|x86.ActiveCfg = sMTd|Win32
		{66157C4A-9215-4862-BB5E-0FBEDC70F548}.Debug|x86.Build.0 = sMTd|Win32
		{66157C4A-9215-4862-BB5E-0FBEDC70F548}.Release|x64.ActiveCfg = sMTd|x64
		{66157C4A-9215-4862-BB5E-0FBEDC70F548}.Release|x64.Build.0 = sMTd|x64
		{66157C4A-9215-4862-BB5E-0FBEDC70F548}.Release|x86.ActiveCfg = sMTd|Win32
		{66157C4A-9215-4862-BB5E-0FBEDC70F548}.Release|x86.Build.0 = sMTd|Win32
		{66157C4A-9215-4862-BB5E-0FBEDC70F548}.sMD|x64.ActiveCfg = sMD|x64
		{66157C4A-9215-4862-BB5E-0FBEDC70F548}.sMD|x64.Build.0 = sMD|x64
		{66157C4A-9215-4862-BB5E-0FBEDC70F548}.sMD|x86.ActiveCfg = sMD|Win32
		{66157C4A-9215-4862-BB5E-0FBEDC70F548}.sMD|x86.Build.0 = sMD|Win32
		{66157C4A-9215-4862-BB5E-0FBEDC70F548}.sMDd|x64.ActiveCfg = sMDd|x64
		{66157C4A-9215-4862-BB5E-0FBEDC70F548}.sMDd|x64.Build.0 = sMDd|x64
		{66157C4A-9215-4862-BB5E-0FBEDC70F548}.sMDd|x86.ActiveCfg = sMDd|Win32
		{66157C4A-9215-4862-BB5E-0FBEDC70F548}.sMDd|x86.Build.0 = sMDd|Win32
		{66157C4A-9215-4862-BB5E-0FBEDC70F548}.sMT|x64.ActiveCfg = sMT|x64
		{66157C4A-9215-4862-BB5E-0FBEDC70F548}.sMT|x64.Build.0 = sMT|x64
		{66157C4A-9215-4862-BB5E-0FBEDC70F548}.sMT|x86.ActiveCfg = sMT|Win32
		{66157C4A-9215-4862-BB5E-0FBEDC70F548}.sMT|x86.Build.0 = sMT|Win32
		{66157C4A-9215-4862-BB5E-0FBEDC70F548}.sMTd|x64.ActiveCfg = sMTd|x64
		{66157C4A-9215-4862-BB5E-0FBEDC70F548}.sMTd|x64.Build.0 = sMTd|x64
		{66157C4A-9215-4862-BB5E-0FBEDC70F548}.sMTd|x86.ActiveCfg = sMTd|Win32
		{66157C4A-9215-4862-BB5E-0FBEDC70F548}.sMTd|x86.Build.0 = sMTd|Win32
		{D4F78C76-0E29-48F9-A5FD-1B6EA9C9D990}.Debug|x64.ActiveCfg = sMTd|x64
		{D4F78C76-0E29-48F9-A5FD-1B6EA9C9D990}.Debug|x64.Build.0 = sMTd|x64
		{D4F78C76-0E29-48F9-A5FD-1B6EA9C9D990}.Debug|x86.ActiveCfg = sMTd|Win32
		{D4F78C76-0E29-48F9-A5FD-1B6EA9C9D990}.Debug|x86.Build.0 = sMTd|Win32
		{D4F78C76-0E29-48F9-A5FD-1B6EA9C9D990}.Release|x64.ActiveCfg = sMTd|x64
		{D4F78C76-0E29-48F9-A5FD-1B6EA9C9D990}.Release|x64.Build.0 = sMTd|x64
		{D4F78C76-0E29-48F9-A5FD-1B6EA9C9D990}.Release|x86.ActiveCfg = sMTd|Win32
		{D4F78C76-0E29-48F9-A5FD-1B6EA9C9D990}.Release|x86.Build.0 = sMTd|Win32
		{D4F78C76-0E29-48F9-A5FD-1B6EA9C9D990}.sMD|x64.ActiveCfg = sMD|x64
		{D4F78C76-0E29-48F9-A5FD-1B6EA9C9D990}.sMD|x64.Build.0 = sMD|x64
		{D4F78C76-0E29-48F9-A5FD-1B6EA9C9D990}.sMD|x86.ActiveCfg = sMD|Win32
		{D4F78C76-0E29-48F9-A5FD-1B6EA9C9D990}.sMD|x86.Build.0 = sMD|Win32
		{D4F78C76-0E29-48F9-A5FD-1B6EA9C9D990}.sMDd|x64.ActiveCfg = sMDd|x64
		{D4F78C76-0E29-48F9-A5FD-1B6EA9C9D990}.sMDd|x64.Build.0 = sMDd|x64
		{D4F78C76-0E29-48F9-A5FD-1B6EA9C9D990}.sMDd|x86.ActiveCfg = sMDd|Win32
		{D4F78C76-0E29-48F9-A5FD-1B6EA9C9D990}.sMDd|x86.Build.0 = sMDd|Win32
		{D4F78C76-0E29-48F9-A5FD-1B6EA9C9D990}.sMT|x64.ActiveCfg = sMT|x64
		{D4F78C76-0E29-48F9-A5FD-1B6EA9C9D990}.sMT|x64.Build.0 = sMT|x64
		{D4F78C76-0E29-48F9-A5FD-1B6EA9C9D990}.sMT|x86.ActiveCfg = sMT|Win32
		{D4F78C76-0E29-48F9-A5FD-1B6EA9C9D990}.sMT|x86.Build.0 = sMT|Win32
		{D4F78C76-0E29-48F9-A5FD-1B6EA9C9D990}.sMTd|x64.ActiveCfg = sMTd|x64
		{D4F78C76-0E29-48F9-A5FD-1B6EA9C9D990}.sMTd|x64.Build.0 = sMTd|x64
		{D4F78C76-0E29-48F9-A5FD-1B6EA9C9D990}.sMTd|x86.ActiveCfg = sMTd|Win32
		{D4F78C76-0E29-48F9-A5FD-1B6EA9C9D990}.sMTd|x86.Build.0 = sMTd|Win32
		{40C8B3B2-E970-4BBE-B562-21B03F13FB9C}.Debug|x64.ActiveCfg = sMTd|x64
		{40C8B3B2-E970-4BBE-B562-21B03F13FB9C}.Debug|x64.Build.0 = sMTd|x64
		{40C8B3B2-E970-4BBE-B562-21B03F13FB9C}.Debug|x86.ActiveCfg = sMTd|Win32
		{40C8B3B2-E970-4BBE-B562-21B03F13FB9C}.Debug|x86.Build.0 = sMTd|Win32
		{40C8B3B2-E970-4BBE-B562-21B03F13FB9C}.Release|x64.ActiveCfg = sMTd|x64
		{40C8B3B2-E970-4BBE-B562-21B03F13FB9C}.Release|x64.Build.0 = sMTd|x64
		{40C8B3B2-E970-4BBE-B562-21B03F13FB9C}.Release|x86.ActiveCfg = sMTd|Win32
		{40C8B3B2-E970-4BBE-B562-21B03F13FB9C}.Release|x86.Build.0 = sMTd|Win32
		{40C8B3B2-E970-4BBE-B562-21B03F13FB9C}.sMD|x64.ActiveCfg = sMD|x64
		{40C8B3B2-E970-4BBE-B562-21B03F13FB9C}.sMD|x64.Build.0 = sMD|x64
		{40C8B3B2-E970-4BBE-B562-21B03F13FB9C}.sMD|x86.ActiveCfg = sMD|Win32
		{40C8B3B2-E970-4BBE-B562-21B03F13FB9C}.sMD|x86.Build.0 = sMD|Win32
		{40C8B3B2-E970-4BBE-B562-21B03F13FB9C}.sMDd|x64.ActiveCfg = sMDd|x64
		{40C8B3B2-E970-4BBE-B562-21B03F13FB9C}.sMDd|x64.Build.0 = sMDd|x64
		{40C8B3B2-E970-4BBE-B562-21B03F13FB9C}.sMDd|x86.ActiveCfg = sMDd|Win32
		{40C8B3B2-E970-4BBE-B562-21B03F13FB9C}.sMDd|x86.Build.0 = sMDd|Win32
		{40C8B3B2-E970-4BBE-B562-21B03F13FB9C}.sMT|x64.ActiveCfg = sMT|x64
		{40C8B3B2-E970-4BBE-B562-21B03F13FB9C}.sMT|x64.Build.0 = sMT|x64
		{40C8B3B2-E970-4BBE-B562-21B03F13FB9C}.sMT|x86.ActiveCfg = sMT|Win32
		{40C8B3B2-E970-4BBE-B562-21B03F13FB9C}.sMT|x86.Build.0 = sMT|Win32
		{40C8B3B2-E970-4BBE-B562-21B03F13FB9C}.sMTd|x64.ActiveCfg = sMTd|x64
		{40C8B3B2-E970-4BBE-B562-21B03F13FB9C}.sMTd|x64.Build.0 = sMTd|x64
		{40C8B3B2-E970-4BBE-B562-21B03F13FB9C}.sMTd|x86.ActiveCfg = sMTd|Win32
		{40C8B3B2-E970-4BBE-B562-21B03F13FB9C}.sMTd|x86.Build.0 = sMTd|Win32
		{24112129-5205-426A-B48D-304B31B1D8E6}.Debug|x64.ActiveCfg = sMTd|x64
		{24112129-5205-426A-B48D-304B31B1D8E6}.Debug|x64.Build.0 = sMTd|x64
		{24112129-5205-426A-B48D-304B31B1D8E6}.Debug|x86.ActiveCfg = sMTd|Win32
		{24112129-5205-426A-B48D-304B31B1D8E6}.Debug|x86.Build.0 = sMTd|Win32
		{24112129-5205-426A-B48D-304B31B1D8E6}.Release|x64.ActiveCfg = sMTd|x64
		{24112129-5205-426A-B48D-304B31B1D8E6}.Release|x64.Build.0 = sMTd|x64
		{24112129-5205-426A-B48D-304B31B1D8E6}.Release|x86.ActiveCfg = sMTd|Win32
		{24112129-5205-426A-B48D-304B31B1D8E6}.Release|x86.Build.0 = sMTd|Win32
		{24112129-5205-426A-B48D-304B31B1D8E6}.sMD|x64.ActiveCfg = sMD|x64
		{24112129-5205-426A-B48D-304B31B1D8E6}.sMD|x64.Build.0 = sMD|x64
		{24112129-5205-426A-B48D-304B31B1D8E6}.sMD|x86.ActiveCfg = sMD|Win32
		{24112129-5205-426A-B48D-304B31B1D8E6}.sMD|x86.Build.0 = sMD|Win32
		{24112129-5205-426A-B48D-304B31B1D8E6}.sMDd|x64.ActiveCfg = sMDd|x64
		{24112129-5205-426A-B48D-304B31B1D8E6}.sMDd|x64.Build.0 = sMDd|x64
		{24112129-5205-426A-B48D-304B31B1D8E6}.sMDd|x86.ActiveCfg = sMDd|Win32
		{24112129-5205-426A-B48D-304B31B1D8E6}.sMDd|x86.Build.0 = sMDd|Win32
		{24112129-5205-426A-B48D-304B31B1D8E6}.sMT|x64.ActiveCfg = sMT|x64
		{24112129-5205-426A-B48D-304B31B1D8E6}.sMT|x64.Build.0 = sMT|x64
		{24112129-5205-426A-B48D-304B31B1D8E6}.sMT|x86.ActiveCfg = sMT|Win32
		{24112129-5205-426A-B48D-304B31B1D8E6}.sMT|x86.Build.0 = sMT|Win32
		{24112129-5205-426A-B48D-304B31B1D8E6}.sMTd|x64.ActiveCfg = sMTd|x64
		{24112129-5205-426A-B48D-304B31B1D8E6}.sMTd|x64.Build.0 = sMTd|x64
		{24112129-5205-426A-B48D-304B31B1D8E6}.sMTd|x86.ActiveCfg = sMTd|Win32
		{24112129-5205-426A-B48D-304B31B1D8E6}.sMTd|x86.Build.0 = sMTd|Win32
	EndGlobalSection
	GlobalSection(SolutionProperties) = preSolution
		HideSolutionNode = FALSE
	EndGlobalSection
	GlobalSection(ExtensibilityGlobals) = postSolution
		SolutionGuid = {FBC10FAB-AF8B-41A5-B53D-4F870798C371}
	EndGlobalSection
EndGlobal
