<?xml version="1.0" encoding="utf-8"?>
<Project ToolsVersion="4.0" xmlns="http://schemas.microsoft.com/developer/msbuild/2003">
  <ItemGroup>
    <Filter Include="Source">
      <UniqueIdentifier>{40571513-0071-4ca3-9de9-104c62aa8f59}</UniqueIdentifier>
    </Filter>
    <Filter Include="Doc">
      <UniqueIdentifier>{cdaf95b4-056c-4737-a357-d6b25f977b4a}</UniqueIdentifier>
    </Filter>
  </ItemGroup>
  <ItemGroup>
    <ClCompile Include="Source\stdafx.cpp">
      <Filter>Source</Filter>
    </ClCompile>
    <ClCompile Include="Source\User.cpp">
      <Filter>Source</Filter>
    </ClCompile>
    <ClCompile Include="Source\DataBase.cpp">
      <Filter>Source</Filter>
    </ClCompile>
    <ClCompile Include="Source\Network.cpp">
      <Filter>Source</Filter>
    </ClCompile>
    <ClCompile Include="Source\CheatCommand.cpp">
      <Filter>Source</Filter>
    </ClCompile>
    <ClCompile Include="Source\Main.cpp">
      <Filter>Source</Filter>
    </ClCompile>
    <ClCompile Include="Source\NetworkServerToServer.cpp">
      <Filter>Source</Filter>
    </ClCompile>
    <ClCompile Include="Source\Battle.cpp">
      <Filter>Source</Filter>
    </ClCompile>
    <ClCompile Include="Source\Users.cpp">
      <Filter>Source</Filter>
    </ClCompile>
    <ClCompile Include="Source\BattlePlayer.cpp">
      <Filter>Source</Filter>
    </ClCompile>
    <ClCompile Include="Source\Character.cpp">
      <Filter>Source</Filter>
    </ClCompile>
    <ClCompile Include="Source\Gacha.cpp">
      <Filter>Source</Filter>
    </ClCompile>
    <ClCompile Include="Source\Quest.cpp">
      <Filter>Source</Filter>
    </ClCompile>
    <ClCompile Include="Source\EngineGlobal.cpp">
      <Filter>Source</Filter>
    </ClCompile>
    <ClCompile Include="Source\EnginePumpControl.cpp">
      <Filter>Source</Filter>
    </ClCompile>
    <ClCompile Include="Source\EngineParachuteControl.cpp">
      <Filter>Source</Filter>
    </ClCompile>
    <ClCompile Include="Source\NetworkRanking.cpp">
      <Filter>Source</Filter>
    </ClCompile>
    <ClCompile Include="Source\ArrowDodgeBattle.cpp">
      <Filter>Source</Filter>
    </ClCompile>
    <ClCompile Include="Source\MultiBattle.cpp">
      <Filter>Source</Filter>
    </ClCompile>
    <ClCompile Include="Source\MultiBattlePlayer.cpp">
      <Filter>Source</Filter>
    </ClCompile>
    <ClCompile Include="Source\ArrowDodgeBattlePlayer.cpp">
      <Filter>Source</Filter>
    </ClCompile>
    <ClCompile Include="Source\BattlePlayerObject.cpp">
      <Filter>Source</Filter>
    </ClCompile>
    <ClCompile Include="Source\PlayerCollider.cpp">
      <Filter>Source</Filter>
    </ClCompile>
    <ClCompile Include="Source\Arrow.cpp">
      <Filter>Source</Filter>
    </ClCompile>
    <ClCompile Include="Source\ArrowDodgeItem.cpp">
      <Filter>Source</Filter>
    </ClCompile>
    <ClCompile Include="Source\MetaData.cpp">
      <Filter>Source</Filter>
    </ClCompile>
    <ClCompile Include="Source\ArrowDodgeArrowMaker.cpp">
      <Filter>Source</Filter>
    </ClCompile>
    <ClCompile Include="Source\ArrowDodgeItemMaker.cpp">
      <Filter>Source</Filter>
    </ClCompile>
    <ClCompile Include="Source\FlyAwayBattle.cpp">
      <Filter>Source</Filter>
    </ClCompile>
    <ClCompile Include="Source\FlyAwayBattlePlayer.cpp">
      <Filter>Source</Filter>
    </ClCompile>
    <ClCompile Include="Source\FlyAwayItem.cpp">
      <Filter>Source</Filter>
    </ClCompile>
    <ClCompile Include="Source\FlyAwayLand.cpp">
      <Filter>Source</Filter>
    </ClCompile>
  </ItemGroup>
  <ItemGroup>
    <ClInclude Include="Source\stdafx.h">
      <Filter>Source</Filter>
    </ClInclude>
    <ClInclude Include="Source\targetver.h">
      <Filter>Source</Filter>
    </ClInclude>
    <ClInclude Include="Source\User.h">
      <Filter>Source</Filter>
    </ClInclude>
    <ClInclude Include="Source\DBProtocol.h">
      <Filter>Source</Filter>
    </ClInclude>
    <ClInclude Include="Source\DataBase.h">
      <Filter>Source</Filter>
    </ClInclude>
    <ClInclude Include="Source\DBProtocol.prt">
      <Filter>Source</Filter>
    </ClInclude>
    <ClInclude Include="Source\Network.h">
      <Filter>Source</Filter>
    </ClInclude>
    <ClInclude Include="Source\CheatCommand.h">
      <Filter>Source</Filter>
    </ClInclude>
    <ClInclude Include="Source\NetworkServerToServer.h">
      <Filter>Source</Filter>
    </ClInclude>
    <ClInclude Include="Source\Protocol.h">
      <Filter>Source</Filter>
    </ClInclude>
    <ClInclude Include="Source\ToolProtocol.h">
      <Filter>Source</Filter>
    </ClInclude>
    <ClInclude Include="Source\ToolProtocol.prt">
      <Filter>Source</Filter>
    </ClInclude>
    <ClInclude Include="Source\Protocol.prt">
      <Filter>Source</Filter>
    </ClInclude>
    <ClInclude Include="Source\Battle.h">
      <Filter>Source</Filter>
    </ClInclude>
    <ClInclude Include="Source\Users.h">
      <Filter>Source</Filter>
    </ClInclude>
    <ClInclude Include="Source\BattlePlayer.h">
      <Filter>Source</Filter>
    </ClInclude>
    <ClInclude Include="Source\Character.h">
      <Filter>Source</Filter>
    </ClInclude>
    <ClInclude Include="Source\Gacha.h">
      <Filter>Source</Filter>
    </ClInclude>
    <ClInclude Include="Source\Quest.h">
      <Filter>Source</Filter>
    </ClInclude>
    <ClInclude Include="Source\EngineGlobal.h">
      <Filter>Source</Filter>
    </ClInclude>
    <ClInclude Include="Source\EnginePumpControl.h">
      <Filter>Source</Filter>
    </ClInclude>
    <ClInclude Include="Source\EngineParachuteControl.h">
      <Filter>Source</Filter>
    </ClInclude>
    <ClInclude Include="Source\NetworkRanking.h">
      <Filter>Source</Filter>
    </ClInclude>
    <ClInclude Include="Source\ArrowDodgeBattle.h">
      <Filter>Source</Filter>
    </ClInclude>
    <ClInclude Include="Source\MultiBattle.h">
      <Filter>Source</Filter>
    </ClInclude>
    <ClInclude Include="Source\ArrowDodgeBattlePlayer.h">
      <Filter>Source</Filter>
    </ClInclude>
    <ClInclude Include="Source\MultiBattlePlayer.h">
      <Filter>Source</Filter>
    </ClInclude>
    <ClInclude Include="Source\BattlePlayerObject.h">
      <Filter>Source</Filter>
    </ClInclude>
    <ClInclude Include="Source\PlayerCollider.h">
      <Filter>Source</Filter>
    </ClInclude>
    <ClInclude Include="Source\Arrow.h">
      <Filter>Source</Filter>
    </ClInclude>
    <ClInclude Include="Source\ArrowDodgeItem.h">
      <Filter>Source</Filter>
    </ClInclude>
    <ClInclude Include="Source\MetaData.h">
      <Filter>Source</Filter>
    </ClInclude>
    <ClInclude Include="Source\ArrowDodgeArrowMaker.h">
      <Filter>Source</Filter>
    </ClInclude>
    <ClInclude Include="Source\ArrowDodgeItemMaker.h">
      <Filter>Source</Filter>
    </ClInclude>
    <ClInclude Include="Source\FlyAwayBattle.h">
      <Filter>Source</Filter>
    </ClInclude>
    <ClInclude Include="Source\FlyAwayBattlePlayer.h">
      <Filter>Source</Filter>
    </ClInclude>
    <ClInclude Include="Source\FlyAwayItem.h">
      <Filter>Source</Filter>
    </ClInclude>
    <ClInclude Include="Source\FlyAwayLand.h">
      <Filter>Source</Filter>
    </ClInclude>
  </ItemGroup>
  <ItemGroup>
    <Text Include="Doc\Note.txt">
      <Filter>Doc</Filter>
    </Text>
  </ItemGroup>
</Project>